// !$*UTF8*$!
{
	archiveVersion = 1;
	classes = {
	};
	objectVersion = 77;
	objects = {

/* Begin PBXBuildFile section */
		D72B28492D093CB9009C8E96 /* WhatsNewKit in Frameworks */ = {isa = PBXBuildFile; productRef = D72B28482D093CB9009C8E96 /* WhatsNewKit */; };
		D7A304F22CEC4A5100E9A327 /* StoreKit.framework in Frameworks */ = {isa = PBXBuildFile; fileRef = D7A304F12CEC4A5100E9A327 /* StoreKit.framework */; };
		D7E6BEA22CF69A2F00134002 /* WidgetKit.framework in Frameworks */ = {isa = PBXBuildFile; fileRef = D7E6BEA12CF69A2F00134002 /* WidgetKit.framework */; };
		D7E6BEA42CF69A2F00134002 /* SwiftUI.framework in Frameworks */ = {isa = PBXBuildFile; fileRef = D7E6BEA32CF69A2F00134002 /* SwiftUI.framework */; };
		D7E6BEB32CF69A3100134002 /* RecipeWidgetExtensionExtension.appex in Embed Foundation Extensions */ = {isa = PBXBuildFile; fileRef = D7E6BEA02CF69A2F00134002 /* RecipeWidgetExtensionExtension.appex */; settings = {ATTRIBUTES = (RemoveHeadersOnCopy, ); }; };
/* End PBXBuildFile section */

/* Begin PBXContainerItemProxy section */
		D73062DB2CE979AC008EC861 /* PBXContainerItemProxy */ = {
			isa = PBXContainerItemProxy;
			containerPortal = D73062C02CE979AA008EC861 /* Project object */;
			proxyType = 1;
			remoteGlobalIDString = D73062C72CE979AA008EC861;
			remoteInfo = recipeasy;
		};
		D73062E52CE979AC008EC861 /* PBXContainerItemProxy */ = {
			isa = PBXContainerItemProxy;
			containerPortal = D73062C02CE979AA008EC861 /* Project object */;
			proxyType = 1;
			remoteGlobalIDString = D73062C72CE979AA008EC861;
			remoteInfo = recipeasy;
		};
		D7E6BEB12CF69A3100134002 /* PBXContainerItemProxy */ = {
			isa = PBXContainerItemProxy;
			containerPortal = D73062C02CE979AA008EC861 /* Project object */;
			proxyType = 1;
			remoteGlobalIDString = D7E6BE9F2CF69A2F00134002;
			remoteInfo = RecipeWidgetExtensionExtension;
		};
/* End PBXContainerItemProxy section */

/* Begin PBXCopyFilesBuildPhase section */
		D7E6BEB82CF69A3100134002 /* Embed Foundation Extensions */ = {
			isa = PBXCopyFilesBuildPhase;
			buildActionMask = 2147483647;
			dstPath = "";
			dstSubfolderSpec = 13;
			files = (
				D7E6BEB32CF69A3100134002 /* RecipeWidgetExtensionExtension.appex in Embed Foundation Extensions */,
			);
			name = "Embed Foundation Extensions";
			runOnlyForDeploymentPostprocessing = 0;
		};
/* End PBXCopyFilesBuildPhase section */

/* Begin PBXFileReference section */
		D73062C82CE979AA008EC861 /* recipeasy.app */ = {isa = PBXFileReference; explicitFileType = wrapper.application; includeInIndex = 0; path = recipeasy.app; sourceTree = BUILT_PRODUCTS_DIR; };
		D73062DA2CE979AC008EC861 /* recipeasyTests.xctest */ = {isa = PBXFileReference; explicitFileType = wrapper.cfbundle; includeInIndex = 0; path = recipeasyTests.xctest; sourceTree = BUILT_PRODUCTS_DIR; };
		D73062E42CE979AC008EC861 /* recipeasyUITests.xctest */ = {isa = PBXFileReference; explicitFileType = wrapper.cfbundle; includeInIndex = 0; path = recipeasyUITests.xctest; sourceTree = BUILT_PRODUCTS_DIR; };
		D7A304F12CEC4A5100E9A327 /* StoreKit.framework */ = {isa = PBXFileReference; lastKnownFileType = wrapper.framework; name = StoreKit.framework; path = System/Library/Frameworks/StoreKit.framework; sourceTree = SDKROOT; };
		D7E6BEA02CF69A2F00134002 /* RecipeWidgetExtensionExtension.appex */ = {isa = PBXFileReference; explicitFileType = "wrapper.app-extension"; includeInIndex = 0; path = RecipeWidgetExtensionExtension.appex; sourceTree = BUILT_PRODUCTS_DIR; };
		D7E6BEA12CF69A2F00134002 /* WidgetKit.framework */ = {isa = PBXFileReference; lastKnownFileType = wrapper.framework; name = WidgetKit.framework; path = System/Library/Frameworks/WidgetKit.framework; sourceTree = SDKROOT; };
		D7E6BEA32CF69A2F00134002 /* SwiftUI.framework */ = {isa = PBXFileReference; lastKnownFileType = wrapper.framework; name = SwiftUI.framework; path = System/Library/Frameworks/SwiftUI.framework; sourceTree = SDKROOT; };
		D7E6BEB92CF69A6900134002 /* RecipeWidgetExtensionExtension.entitlements */ = {isa = PBXFileReference; lastKnownFileType = text.plist.entitlements; path = RecipeWidgetExtensionExtension.entitlements; sourceTree = "<group>"; };
/* End PBXFileReference section */

/* Begin PBXFileSystemSynchronizedBuildFileExceptionSet section */
		D7A304F52CEC544200E9A327 /* Exceptions for "recipeasy" folder in "recipeasy" target */ = {
			isa = PBXFileSystemSynchronizedBuildFileExceptionSet;
			membershipExceptions = (
				Info.plist,
			);
			target = D73062C72CE979AA008EC861 /* recipeasy */;
		};
		D7E6BEB72CF69A3100134002 /* Exceptions for "RecipeWidgetExtension" folder in "RecipeWidgetExtensionExtension" target */ = {
			isa = PBXFileSystemSynchronizedBuildFileExceptionSet;
			membershipExceptions = (
				Info.plist,
			);
			target = D7E6BE9F2CF69A2F00134002 /* RecipeWidgetExtensionExtension */;
		};
/* End PBXFileSystemSynchronizedBuildFileExceptionSet section */

/* Begin PBXFileSystemSynchronizedRootGroup section */
		D73062CA2CE979AA008EC861 /* recipeasy */ = {
			isa = PBXFileSystemSynchronizedRootGroup;
			exceptions = (
				D7A304F52CEC544200E9A327 /* Exceptions for "recipeasy" folder in "recipeasy" target */,
			);
			path = recipeasy;
			sourceTree = "<group>";
		};
		D73062DD2CE979AC008EC861 /* recipeasyTests */ = {
			isa = PBXFileSystemSynchronizedRootGroup;
			path = recipeasyTests;
			sourceTree = "<group>";
		};
		D73062E72CE979AC008EC861 /* recipeasyUITests */ = {
			isa = PBXFileSystemSynchronizedRootGroup;
			path = recipeasyUITests;
			sourceTree = "<group>";
		};
		D7E6BEA52CF69A2F00134002 /* RecipeWidgetExtension */ = {
			isa = PBXFileSystemSynchronizedRootGroup;
			exceptions = (
				D7E6BEB72CF69A3100134002 /* Exceptions for "RecipeWidgetExtension" folder in "RecipeWidgetExtensionExtension" target */,
			);
			path = RecipeWidgetExtension;
			sourceTree = "<group>";
		};
/* End PBXFileSystemSynchronizedRootGroup section */

/* Begin PBXFrameworksBuildPhase section */
		D73062C52CE979AA008EC861 /* Frameworks */ = {
			isa = PBXFrameworksBuildPhase;
			buildActionMask = 2147483647;
			files = (
				D72B28492D093CB9009C8E96 /* WhatsNewKit in Frameworks */,
				D7A304F22CEC4A5100E9A327 /* StoreKit.framework in Frameworks */,
			);
			runOnlyForDeploymentPostprocessing = 0;
		};
		D73062D72CE979AC008EC861 /* Frameworks */ = {
			isa = PBXFrameworksBuildPhase;
			buildActionMask = 2147483647;
			files = (
			);
			runOnlyForDeploymentPostprocessing = 0;
		};
		D73062E12CE979AC008EC861 /* Frameworks */ = {
			isa = PBXFrameworksBuildPhase;
			buildActionMask = 2147483647;
			files = (
			);
			runOnlyForDeploymentPostprocessing = 0;
		};
		D7E6BE9D2CF69A2F00134002 /* Frameworks */ = {
			isa = PBXFrameworksBuildPhase;
			buildActionMask = 2147483647;
			files = (
				D7E6BEA42CF69A2F00134002 /* SwiftUI.framework in Frameworks */,
				D7E6BEA22CF69A2F00134002 /* WidgetKit.framework in Frameworks */,
			);
			runOnlyForDeploymentPostprocessing = 0;
		};
/* End PBXFrameworksBuildPhase section */

/* Begin PBXGroup section */
		D73062BF2CE979AA008EC861 = {
			isa = PBXGroup;
			children = (
				D73062CA2CE979AA008EC861 /* recipeasy */,
				D73062DD2CE979AC008EC861 /* recipeasyTests */,
				D73062E72CE979AC008EC861 /* recipeasyUITests */,
				D7E6BEA52CF69A2F00134002 /* RecipeWidgetExtension */,
				D7A304F02CEC4A5100E9A327 /* Frameworks */,
				D73062C92CE979AA008EC861 /* Products */,
				D7E6BEB92CF69A6900134002 /* RecipeWidgetExtensionExtension.entitlements */,
			);
			sourceTree = "<group>";
		};
		D73062C92CE979AA008EC861 /* Products */ = {
			isa = PBXGroup;
			children = (
				D73062C82CE979AA008EC861 /* recipeasy.app */,
				D73062DA2CE979AC008EC861 /* recipeasyTests.xctest */,
				D73062E42CE979AC008EC861 /* recipeasyUITests.xctest */,
				D7E6BEA02CF69A2F00134002 /* RecipeWidgetExtensionExtension.appex */,
			);
			name = Products;
			sourceTree = "<group>";
		};
		D7A304F02CEC4A5100E9A327 /* Frameworks */ = {
			isa = PBXGroup;
			children = (
				D7A304F12CEC4A5100E9A327 /* StoreKit.framework */,
				D7E6BEA12CF69A2F00134002 /* WidgetKit.framework */,
				D7E6BEA32CF69A2F00134002 /* SwiftUI.framework */,
			);
			name = Frameworks;
			sourceTree = "<group>";
		};
/* End PBXGroup section */

/* Begin PBXNativeTarget section */
		D73062C72CE979AA008EC861 /* recipeasy */ = {
			isa = PBXNativeTarget;
			buildConfigurationList = D73062EE2CE979AC008EC861 /* Build configuration list for PBXNativeTarget "recipeasy" */;
			buildPhases = (
				D73062C42CE979AA008EC861 /* Sources */,
				D73062C52CE979AA008EC861 /* Frameworks */,
				D73062C62CE979AA008EC861 /* Resources */,
				D7E6BEB82CF69A3100134002 /* Embed Foundation Extensions */,
			);
			buildRules = (
			);
			dependencies = (
				D7E6BEB22CF69A3100134002 /* PBXTargetDependency */,
			);
			fileSystemSynchronizedGroups = (
				D73062CA2CE979AA008EC861 /* recipeasy */,
			);
			name = recipeasy;
			packageProductDependencies = (
				D72B28482D093CB9009C8E96 /* WhatsNewKit */,
			);
			productName = recipeasy;
			productReference = D73062C82CE979AA008EC861 /* recipeasy.app */;
			productType = "com.apple.product-type.application";
		};
		D73062D92CE979AC008EC861 /* recipeasyTests */ = {
			isa = PBXNativeTarget;
			buildConfigurationList = D73062F12CE979AC008EC861 /* Build configuration list for PBXNativeTarget "recipeasyTests" */;
			buildPhases = (
				D73062D62CE979AC008EC861 /* Sources */,
				D73062D72CE979AC008EC861 /* Frameworks */,
				D73062D82CE979AC008EC861 /* Resources */,
			);
			buildRules = (
			);
			dependencies = (
				D73062DC2CE979AC008EC861 /* PBXTargetDependency */,
			);
			fileSystemSynchronizedGroups = (
				D73062DD2CE979AC008EC861 /* recipeasyTests */,
			);
			name = recipeasyTests;
			packageProductDependencies = (
			);
			productName = recipeasyTests;
			productReference = D73062DA2CE979AC008EC861 /* recipeasyTests.xctest */;
			productType = "com.apple.product-type.bundle.unit-test";
		};
		D73062E32CE979AC008EC861 /* recipeasyUITests */ = {
			isa = PBXNativeTarget;
			buildConfigurationList = D73062F42CE979AC008EC861 /* Build configuration list for PBXNativeTarget "recipeasyUITests" */;
			buildPhases = (
				D73062E02CE979AC008EC861 /* Sources */,
				D73062E12CE979AC008EC861 /* Frameworks */,
				D73062E22CE979AC008EC861 /* Resources */,
			);
			buildRules = (
			);
			dependencies = (
				D73062E62CE979AC008EC861 /* PBXTargetDependency */,
			);
			fileSystemSynchronizedGroups = (
				D73062E72CE979AC008EC861 /* recipeasyUITests */,
			);
			name = recipeasyUITests;
			packageProductDependencies = (
			);
			productName = recipeasyUITests;
			productReference = D73062E42CE979AC008EC861 /* recipeasyUITests.xctest */;
			productType = "com.apple.product-type.bundle.ui-testing";
		};
		D7E6BE9F2CF69A2F00134002 /* RecipeWidgetExtensionExtension */ = {
			isa = PBXNativeTarget;
			buildConfigurationList = D7E6BEB42CF69A3100134002 /* Build configuration list for PBXNativeTarget "RecipeWidgetExtensionExtension" */;
			buildPhases = (
				D7E6BE9C2CF69A2F00134002 /* Sources */,
				D7E6BE9D2CF69A2F00134002 /* Frameworks */,
				D7E6BE9E2CF69A2F00134002 /* Resources */,
			);
			buildRules = (
			);
			dependencies = (
			);
			fileSystemSynchronizedGroups = (
				D7E6BEA52CF69A2F00134002 /* RecipeWidgetExtension */,
			);
			name = RecipeWidgetExtensionExtension;
			packageProductDependencies = (
			);
			productName = RecipeWidgetExtensionExtension;
			productReference = D7E6BEA02CF69A2F00134002 /* RecipeWidgetExtensionExtension.appex */;
			productType = "com.apple.product-type.app-extension";
		};
/* End PBXNativeTarget section */

/* Begin PBXProject section */
		D73062C02CE979AA008EC861 /* Project object */ = {
			isa = PBXProject;
			attributes = {
				BuildIndependentTargetsInParallel = 1;
				LastSwiftUpdateCheck = 1610;
				LastUpgradeCheck = 1610;
				TargetAttributes = {
					D73062C72CE979AA008EC861 = {
						CreatedOnToolsVersion = 16.1;
					};
					D73062D92CE979AC008EC861 = {
						CreatedOnToolsVersion = 16.1;
						TestTargetID = D73062C72CE979AA008EC861;
					};
					D73062E32CE979AC008EC861 = {
						CreatedOnToolsVersion = 16.1;
						TestTargetID = D73062C72CE979AA008EC861;
					};
					D7E6BE9F2CF69A2F00134002 = {
						CreatedOnToolsVersion = 16.1;
					};
				};
			};
			buildConfigurationList = D73062C32CE979AA008EC861 /* Build configuration list for PBXProject "recipeasy" */;
			developmentRegion = en;
			hasScannedForEncodings = 0;
			knownRegions = (
				en,
				Base,
			);
			mainGroup = D73062BF2CE979AA008EC861;
			minimizedProjectReferenceProxies = 1;
			packageReferences = (
				D72B28472D093CB9009C8E96 /* XCRemoteSwiftPackageReference "WhatsNewKit" */,
			);
			preferredProjectObjectVersion = 77;
			productRefGroup = D73062C92CE979AA008EC861 /* Products */;
			projectDirPath = "";
			projectRoot = "";
			targets = (
				D73062C72CE979AA008EC861 /* recipeasy */,
				D73062D92CE979AC008EC861 /* recipeasyTests */,
				D73062E32CE979AC008EC861 /* recipeasyUITests */,
				D7E6BE9F2CF69A2F00134002 /* RecipeWidgetExtensionExtension */,
			);
		};
/* End PBXProject section */

/* Begin PBXResourcesBuildPhase section */
		D73062C62CE979AA008EC861 /* Resources */ = {
			isa = PBXResourcesBuildPhase;
			buildActionMask = 2147483647;
			files = (
			);
			runOnlyForDeploymentPostprocessing = 0;
		};
		D73062D82CE979AC008EC861 /* Resources */ = {
			isa = PBXResourcesBuildPhase;
			buildActionMask = 2147483647;
			files = (
			);
			runOnlyForDeploymentPostprocessing = 0;
		};
		D73062E22CE979AC008EC861 /* Resources */ = {
			isa = PBXResourcesBuildPhase;
			buildActionMask = 2147483647;
			files = (
			);
			runOnlyForDeploymentPostprocessing = 0;
		};
		D7E6BE9E2CF69A2F00134002 /* Resources */ = {
			isa = PBXResourcesBuildPhase;
			buildActionMask = 2147483647;
			files = (
			);
			runOnlyForDeploymentPostprocessing = 0;
		};
/* End PBXResourcesBuildPhase section */

/* Begin PBXSourcesBuildPhase section */
		D73062C42CE979AA008EC861 /* Sources */ = {
			isa = PBXSourcesBuildPhase;
			buildActionMask = 2147483647;
			files = (
			);
			runOnlyForDeploymentPostprocessing = 0;
		};
		D73062D62CE979AC008EC861 /* Sources */ = {
			isa = PBXSourcesBuildPhase;
			buildActionMask = 2147483647;
			files = (
			);
			runOnlyForDeploymentPostprocessing = 0;
		};
		D73062E02CE979AC008EC861 /* Sources */ = {
			isa = PBXSourcesBuildPhase;
			buildActionMask = 2147483647;
			files = (
			);
			runOnlyForDeploymentPostprocessing = 0;
		};
		D7E6BE9C2CF69A2F00134002 /* Sources */ = {
			isa = PBXSourcesBuildPhase;
			buildActionMask = 2147483647;
			files = (
			);
			runOnlyForDeploymentPostprocessing = 0;
		};
/* End PBXSourcesBuildPhase section */

/* Begin PBXTargetDependency section */
		D73062DC2CE979AC008EC861 /* PBXTargetDependency */ = {
			isa = PBXTargetDependency;
			target = D73062C72CE979AA008EC861 /* recipeasy */;
			targetProxy = D73062DB2CE979AC008EC861 /* PBXContainerItemProxy */;
		};
		D73062E62CE979AC008EC861 /* PBXTargetDependency */ = {
			isa = PBXTargetDependency;
			target = D73062C72CE979AA008EC861 /* recipeasy */;
			targetProxy = D73062E52CE979AC008EC861 /* PBXContainerItemProxy */;
		};
		D7E6BEB22CF69A3100134002 /* PBXTargetDependency */ = {
			isa = PBXTargetDependency;
			target = D7E6BE9F2CF69A2F00134002 /* RecipeWidgetExtensionExtension */;
			targetProxy = D7E6BEB12CF69A3100134002 /* PBXContainerItemProxy */;
		};
/* End PBXTargetDependency section */

/* Begin XCBuildConfiguration section */
		D73062EC2CE979AC008EC861 /* Debug */ = {
			isa = XCBuildConfiguration;
			baseConfigurationReferenceAnchor = D73062CA2CE979AA008EC861 /* recipeasy */;
			baseConfigurationReferenceRelativePath = Development.xcconfig;
			buildSettings = {
				ALWAYS_SEARCH_USER_PATHS = NO;
				ASSETCATALOG_COMPILER_GENERATE_SWIFT_ASSET_SYMBOL_EXTENSIONS = YES;
				CLANG_ANALYZER_NONNULL = YES;
				CLANG_ANALYZER_NUMBER_OBJECT_CONVERSION = YES_AGGRESSIVE;
				CLANG_CXX_LANGUAGE_STANDARD = "gnu++20";
				CLANG_ENABLE_MODULES = YES;
				CLANG_ENABLE_OBJC_ARC = YES;
				CLANG_ENABLE_OBJC_WEAK = YES;
				CLANG_WARN_BLOCK_CAPTURE_AUTORELEASING = YES;
				CLANG_WARN_BOOL_CONVERSION = YES;
				CLANG_WARN_COMMA = YES;
				CLANG_WARN_CONSTANT_CONVERSION = YES;
				CLANG_WARN_DEPRECATED_OBJC_IMPLEMENTATIONS = YES;
				CLANG_WARN_DIRECT_OBJC_ISA_USAGE = YES_ERROR;
				CLANG_WARN_DOCUMENTATION_COMMENTS = YES;
				CLANG_WARN_EMPTY_BODY = YES;
				CLANG_WARN_ENUM_CONVERSION = YES;
				CLANG_WARN_INFINITE_RECURSION = YES;
				CLANG_WARN_INT_CONVERSION = YES;
				CLANG_WARN_NON_LITERAL_NULL_CONVERSION = YES;
				CLANG_WARN_OBJC_IMPLICIT_RETAIN_SELF = YES;
				CLANG_WARN_OBJC_LITERAL_CONVERSION = YES;
				CLANG_WARN_OBJC_ROOT_CLASS = YES_ERROR;
				CLANG_WARN_QUOTED_INCLUDE_IN_FRAMEWORK_HEADER = YES;
				CLANG_WARN_RANGE_LOOP_ANALYSIS = YES;
				CLANG_WARN_STRICT_PROTOTYPES = YES;
				CLANG_WARN_SUSPICIOUS_MOVE = YES;
				CLANG_WARN_UNGUARDED_AVAILABILITY = YES_AGGRESSIVE;
				CLANG_WARN_UNREACHABLE_CODE = YES;
				CLANG_WARN__DUPLICATE_METHOD_MATCH = YES;
				COPY_PHASE_STRIP = NO;
				DEBUG_INFORMATION_FORMAT = dwarf;
				ENABLE_STRICT_OBJC_MSGSEND = YES;
				ENABLE_TESTABILITY = YES;
				ENABLE_USER_SCRIPT_SANDBOXING = YES;
				GCC_C_LANGUAGE_STANDARD = gnu17;
				GCC_DYNAMIC_NO_PIC = NO;
				GCC_NO_COMMON_BLOCKS = YES;
				GCC_OPTIMIZATION_LEVEL = 0;
				GCC_PREPROCESSOR_DEFINITIONS = (
					"DEBUG=1",
					"$(inherited)",
				);
				GCC_WARN_64_TO_32_BIT_CONVERSION = YES;
				GCC_WARN_ABOUT_RETURN_TYPE = YES_ERROR;
				GCC_WARN_UNDECLARED_SELECTOR = YES;
				GCC_WARN_UNINITIALIZED_AUTOS = YES_AGGRESSIVE;
				GCC_WARN_UNUSED_FUNCTION = YES;
				GCC_WARN_UNUSED_VARIABLE = YES;
				IPHONEOS_DEPLOYMENT_TARGET = 17.6;
				LOCALIZATION_PREFERS_STRING_CATALOGS = YES;
				MTL_ENABLE_DEBUG_INFO = INCLUDE_SOURCE;
				MTL_FAST_MATH = YES;
				ONLY_ACTIVE_ARCH = YES;
				SDKROOT = iphoneos;
				SWIFT_ACTIVE_COMPILATION_CONDITIONS = "DEBUG $(inherited)";
				SWIFT_OPTIMIZATION_LEVEL = "-Onone";
			};
			name = Debug;
		};
		D73062ED2CE979AC008EC861 /* Release */ = {
			isa = XCBuildConfiguration;
			baseConfigurationReferenceAnchor = D73062CA2CE979AA008EC861 /* recipeasy */;
			baseConfigurationReferenceRelativePath = Release.xcconfig;
			buildSettings = {
				ALWAYS_SEARCH_USER_PATHS = NO;
				ASSETCATALOG_COMPILER_GENERATE_SWIFT_ASSET_SYMBOL_EXTENSIONS = YES;
				CLANG_ANALYZER_NONNULL = YES;
				CLANG_ANALYZER_NUMBER_OBJECT_CONVERSION = YES_AGGRESSIVE;
				CLANG_CXX_LANGUAGE_STANDARD = "gnu++20";
				CLANG_ENABLE_MODULES = YES;
				CLANG_ENABLE_OBJC_ARC = YES;
				CLANG_ENABLE_OBJC_WEAK = YES;
				CLANG_WARN_BLOCK_CAPTURE_AUTORELEASING = YES;
				CLANG_WARN_BOOL_CONVERSION = YES;
				CLANG_WARN_COMMA = YES;
				CLANG_WARN_CONSTANT_CONVERSION = YES;
				CLANG_WARN_DEPRECATED_OBJC_IMPLEMENTATIONS = YES;
				CLANG_WARN_DIRECT_OBJC_ISA_USAGE = YES_ERROR;
				CLANG_WARN_DOCUMENTATION_COMMENTS = YES;
				CLANG_WARN_EMPTY_BODY = YES;
				CLANG_WARN_ENUM_CONVERSION = YES;
				CLANG_WARN_INFINITE_RECURSION = YES;
				CLANG_WARN_INT_CONVERSION = YES;
				CLANG_WARN_NON_LITERAL_NULL_CONVERSION = YES;
				CLANG_WARN_OBJC_IMPLICIT_RETAIN_SELF = YES;
				CLANG_WARN_OBJC_LITERAL_CONVERSION = YES;
				CLANG_WARN_OBJC_ROOT_CLASS = YES_ERROR;
				CLANG_WARN_QUOTED_INCLUDE_IN_FRAMEWORK_HEADER = YES;
				CLANG_WARN_RANGE_LOOP_ANALYSIS = YES;
				CLANG_WARN_STRICT_PROTOTYPES = YES;
				CLANG_WARN_SUSPICIOUS_MOVE = YES;
				CLANG_WARN_UNGUARDED_AVAILABILITY = YES_AGGRESSIVE;
				CLANG_WARN_UNREACHABLE_CODE = YES;
				CLANG_WARN__DUPLICATE_METHOD_MATCH = YES;
				COPY_PHASE_STRIP = NO;
				DEBUG_INFORMATION_FORMAT = "dwarf-with-dsym";
				ENABLE_NS_ASSERTIONS = NO;
				ENABLE_STRICT_OBJC_MSGSEND = YES;
				ENABLE_USER_SCRIPT_SANDBOXING = YES;
				GCC_C_LANGUAGE_STANDARD = gnu17;
				GCC_NO_COMMON_BLOCKS = YES;
				GCC_WARN_64_TO_32_BIT_CONVERSION = YES;
				GCC_WARN_ABOUT_RETURN_TYPE = YES_ERROR;
				GCC_WARN_UNDECLARED_SELECTOR = YES;
				GCC_WARN_UNINITIALIZED_AUTOS = YES_AGGRESSIVE;
				GCC_WARN_UNUSED_FUNCTION = YES;
				GCC_WARN_UNUSED_VARIABLE = YES;
				IPHONEOS_DEPLOYMENT_TARGET = 17.6;
				LOCALIZATION_PREFERS_STRING_CATALOGS = YES;
				MTL_ENABLE_DEBUG_INFO = NO;
				MTL_FAST_MATH = YES;
				SDKROOT = iphoneos;
				SWIFT_COMPILATION_MODE = wholemodule;
				VALIDATE_PRODUCT = YES;
			};
			name = Release;
		};
		D73062EF2CE979AC008EC861 /* Debug */ = {
			isa = XCBuildConfiguration;
			baseConfigurationReferenceAnchor = D73062CA2CE979AA008EC861 /* recipeasy */;
			baseConfigurationReferenceRelativePath = Development.xcconfig;
			buildSettings = {
				ASSETCATALOG_COMPILER_APPICON_NAME = AppIcon;
				ASSETCATALOG_COMPILER_GLOBAL_ACCENT_COLOR_NAME = AccentColor;
				CODE_SIGN_ENTITLEMENTS = recipeasy/recipeasy.entitlements;
				CODE_SIGN_STYLE = Automatic;
				CURRENT_PROJECT_VERSION = 1;
				DEVELOPMENT_ASSET_PATHS = "\"recipeasy/Preview Content\"";
				DEVELOPMENT_TEAM = KW38PQP7BK;
				ENABLE_PREVIEWS = YES;
				GENERATE_INFOPLIST_FILE = YES;
				INFOPLIST_FILE = recipeasy/Info.plist;
				INFOPLIST_KEY_CFBundleDisplayName = Recipeasy;
				INFOPLIST_KEY_LSApplicationCategoryType = "public.app-category.food-and-drink";
				INFOPLIST_KEY_UIApplicationSceneManifest_Generation = YES;
				INFOPLIST_KEY_UIApplicationSupportsIndirectInputEvents = YES;
				INFOPLIST_KEY_UILaunchScreen_Generation = YES;
				INFOPLIST_KEY_UISupportedInterfaceOrientations_iPad = "UIInterfaceOrientationPortrait UIInterfaceOrientationPortraitUpsideDown UIInterfaceOrientationLandscapeLeft UIInterfaceOrientationLandscapeRight";
				INFOPLIST_KEY_UISupportedInterfaceOrientations_iPhone = "UIInterfaceOrientationPortrait UIInterfaceOrientationLandscapeLeft UIInterfaceOrientationLandscapeRight";
				IPHONEOS_DEPLOYMENT_TARGET = 17.6;
				LD_RUNPATH_SEARCH_PATHS = (
					"$(inherited)",
					"@executable_path/Frameworks",
				);
				MARKETING_VERSION = 1.3;
				PRODUCT_BUNDLE_IDENTIFIER = dev.serlic.recipeasy;
				PRODUCT_NAME = "$(TARGET_NAME)";
				SUPPORTED_PLATFORMS = "iphoneos iphonesimulator";
				SUPPORTS_MACCATALYST = NO;
				SWIFT_EMIT_LOC_STRINGS = YES;
				SWIFT_VERSION = 5.0;
				TARGETED_DEVICE_FAMILY = "1,2";
			};
			name = Debug;
		};
		D73062F02CE979AC008EC861 /* Release */ = {
			isa = XCBuildConfiguration;
			baseConfigurationReferenceAnchor = D73062CA2CE979AA008EC861 /* recipeasy */;
			baseConfigurationReferenceRelativePath = Release.xcconfig;
			buildSettings = {
				ASSETCATALOG_COMPILER_APPICON_NAME = AppIcon;
				ASSETCATALOG_COMPILER_GLOBAL_ACCENT_COLOR_NAME = AccentColor;
				CODE_SIGN_ENTITLEMENTS = recipeasy/recipeasy.entitlements;
				CODE_SIGN_STYLE = Automatic;
				CURRENT_PROJECT_VERSION = 1;
				DEVELOPMENT_ASSET_PATHS = "\"recipeasy/Preview Content\"";
				DEVELOPMENT_TEAM = KW38PQP7BK;
				ENABLE_PREVIEWS = YES;
				GENERATE_INFOPLIST_FILE = YES;
				INFOPLIST_FILE = recipeasy/Info.plist;
				INFOPLIST_KEY_CFBundleDisplayName = Recipeasy;
				INFOPLIST_KEY_LSApplicationCategoryType = "public.app-category.food-and-drink";
				INFOPLIST_KEY_UIApplicationSceneManifest_Generation = YES;
				INFOPLIST_KEY_UIApplicationSupportsIndirectInputEvents = YES;
				INFOPLIST_KEY_UILaunchScreen_Generation = YES;
				INFOPLIST_KEY_UISupportedInterfaceOrientations_iPad = "UIInterfaceOrientationPortrait UIInterfaceOrientationPortraitUpsideDown UIInterfaceOrientationLandscapeLeft UIInterfaceOrientationLandscapeRight";
				INFOPLIST_KEY_UISupportedInterfaceOrientations_iPhone = "UIInterfaceOrientationPortrait UIInterfaceOrientationLandscapeLeft UIInterfaceOrientationLandscapeRight";
				IPHONEOS_DEPLOYMENT_TARGET = 17.6;
				LD_RUNPATH_SEARCH_PATHS = (
					"$(inherited)",
					"@executable_path/Frameworks",
				);
				MARKETING_VERSION = 1.3;
				PRODUCT_BUNDLE_IDENTIFIER = dev.serlic.recipeasy;
				PRODUCT_NAME = "$(TARGET_NAME)";
				SUPPORTED_PLATFORMS = "iphoneos iphonesimulator";
				SUPPORTS_MACCATALYST = NO;
				SWIFT_EMIT_LOC_STRINGS = YES;
				SWIFT_VERSION = 5.0;
				TARGETED_DEVICE_FAMILY = "1,2";
			};
			name = Release;
		};
		D73062F22CE979AC008EC861 /* Debug */ = {
			isa = XCBuildConfiguration;
			buildSettings = {
				BUNDLE_LOADER = "$(TEST_HOST)";
				CODE_SIGN_STYLE = Automatic;
				CURRENT_PROJECT_VERSION = 1;
				DEVELOPMENT_TEAM = KW38PQP7BK;
				GENERATE_INFOPLIST_FILE = YES;
				IPHONEOS_DEPLOYMENT_TARGET = 18.1;
				MARKETING_VERSION = 1.0;
				PRODUCT_BUNDLE_IDENTIFIER = dev.serlic.recipeasyTests;
				PRODUCT_NAME = "$(TARGET_NAME)";
				SWIFT_EMIT_LOC_STRINGS = NO;
				SWIFT_VERSION = 5.0;
				TARGETED_DEVICE_FAMILY = "1,2";
				TEST_HOST = "$(BUILT_PRODUCTS_DIR)/recipeasy.app/$(BUNDLE_EXECUTABLE_FOLDER_PATH)/recipeasy";
			};
			name = Debug;
		};
		D73062F32CE979AC008EC861 /* Release */ = {
			isa = XCBuildConfiguration;
			buildSettings = {
				BUNDLE_LOADER = "$(TEST_HOST)";
				CODE_SIGN_STYLE = Automatic;
				CURRENT_PROJECT_VERSION = 1;
				DEVELOPMENT_TEAM = KW38PQP7BK;
				GENERATE_INFOPLIST_FILE = YES;
				IPHONEOS_DEPLOYMENT_TARGET = 18.1;
				MARKETING_VERSION = 1.0;
				PRODUCT_BUNDLE_IDENTIFIER = dev.serlic.recipeasyTests;
				PRODUCT_NAME = "$(TARGET_NAME)";
				SWIFT_EMIT_LOC_STRINGS = NO;
				SWIFT_VERSION = 5.0;
				TARGETED_DEVICE_FAMILY = "1,2";
				TEST_HOST = "$(BUILT_PRODUCTS_DIR)/recipeasy.app/$(BUNDLE_EXECUTABLE_FOLDER_PATH)/recipeasy";
			};
			name = Release;
		};
		D73062F52CE979AC008EC861 /* Debug */ = {
			isa = XCBuildConfiguration;
			buildSettings = {
				CODE_SIGN_STYLE = Automatic;
				CURRENT_PROJECT_VERSION = 1;
				DEVELOPMENT_TEAM = KW38PQP7BK;
				GENERATE_INFOPLIST_FILE = YES;
				MARKETING_VERSION = 1.0;
				PRODUCT_BUNDLE_IDENTIFIER = dev.serlic.recipeasyUITests;
				PRODUCT_NAME = "$(TARGET_NAME)";
				SWIFT_EMIT_LOC_STRINGS = NO;
				SWIFT_VERSION = 5.0;
				TARGETED_DEVICE_FAMILY = "1,2";
				TEST_TARGET_NAME = recipeasy;
			};
			name = Debug;
		};
		D73062F62CE979AC008EC861 /* Release */ = {
			isa = XCBuildConfiguration;
			buildSettings = {
				CODE_SIGN_STYLE = Automatic;
				CURRENT_PROJECT_VERSION = 1;
				DEVELOPMENT_TEAM = KW38PQP7BK;
				GENERATE_INFOPLIST_FILE = YES;
				MARKETING_VERSION = 1.0;
				PRODUCT_BUNDLE_IDENTIFIER = dev.serlic.recipeasyUITests;
				PRODUCT_NAME = "$(TARGET_NAME)";
				SWIFT_EMIT_LOC_STRINGS = NO;
				SWIFT_VERSION = 5.0;
				TARGETED_DEVICE_FAMILY = "1,2";
				TEST_TARGET_NAME = recipeasy;
			};
			name = Release;
		};
		D7E6BEB52CF69A3100134002 /* Debug */ = {
			isa = XCBuildConfiguration;
			buildSettings = {
				ASSETCATALOG_COMPILER_GLOBAL_ACCENT_COLOR_NAME = AccentColor;
				ASSETCATALOG_COMPILER_WIDGET_BACKGROUND_COLOR_NAME = WidgetBackground;
				CODE_SIGN_ENTITLEMENTS = RecipeWidgetExtensionExtension.entitlements;
				CODE_SIGN_IDENTITY = "Apple Development";
				CODE_SIGN_STYLE = Automatic;
				CURRENT_PROJECT_VERSION = 1;
				DEVELOPMENT_TEAM = KW38PQP7BK;
				GENERATE_INFOPLIST_FILE = YES;
				INFOPLIST_FILE = RecipeWidgetExtension/Info.plist;
				INFOPLIST_KEY_CFBundleDisplayName = RecipeWidgetExtension;
				INFOPLIST_KEY_NSHumanReadableCopyright = "";
				IPHONEOS_DEPLOYMENT_TARGET = 17.6;
				LD_RUNPATH_SEARCH_PATHS = (
					"$(inherited)",
					"@executable_path/Frameworks",
					"@executable_path/../../Frameworks",
				);
				MARKETING_VERSION = 1.3;
				PRODUCT_BUNDLE_IDENTIFIER = dev.serlic.recipeasy.RecipeWidgetExtension;
				PRODUCT_NAME = "$(TARGET_NAME)";
				PROVISIONING_PROFILE_SPECIFIER = "";
				SKIP_INSTALL = YES;
				SWIFT_EMIT_LOC_STRINGS = YES;
				SWIFT_VERSION = 5.0;
				TARGETED_DEVICE_FAMILY = "1,2";
			};
			name = Debug;
		};
		D7E6BEB62CF69A3100134002 /* Release */ = {
			isa = XCBuildConfiguration;
			buildSettings = {
				ASSETCATALOG_COMPILER_GLOBAL_ACCENT_COLOR_NAME = AccentColor;
				ASSETCATALOG_COMPILER_WIDGET_BACKGROUND_COLOR_NAME = WidgetBackground;
				CODE_SIGN_ENTITLEMENTS = RecipeWidgetExtensionExtension.entitlements;
				CODE_SIGN_IDENTITY = "Apple Development";
				CODE_SIGN_STYLE = Automatic;
				CURRENT_PROJECT_VERSION = 1;
				DEVELOPMENT_TEAM = KW38PQP7BK;
				GENERATE_INFOPLIST_FILE = YES;
				INFOPLIST_FILE = RecipeWidgetExtension/Info.plist;
				INFOPLIST_KEY_CFBundleDisplayName = RecipeWidgetExtension;
				INFOPLIST_KEY_NSHumanReadableCopyright = "";
				IPHONEOS_DEPLOYMENT_TARGET = 17.6;
				LD_RUNPATH_SEARCH_PATHS = (
					"$(inherited)",
					"@executable_path/Frameworks",
					"@executable_path/../../Frameworks",
				);
				MARKETING_VERSION = 1.3;
				PRODUCT_BUNDLE_IDENTIFIER = dev.serlic.recipeasy.RecipeWidgetExtension;
				PRODUCT_NAME = "$(TARGET_NAME)";
				PROVISIONING_PROFILE_SPECIFIER = "";
				SKIP_INSTALL = YES;
				SWIFT_EMIT_LOC_STRINGS = YES;
				SWIFT_VERSION = 5.0;
				TARGETED_DEVICE_FAMILY = "1,2";
			};
			name = Release;
		};
/* End XCBuildConfiguration section */

/* Begin XCConfigurationList section */
		D73062C32CE979AA008EC861 /* Build configuration list for PBXProject "recipeasy" */ = {
			isa = XCConfigurationList;
			buildConfigurations = (
				D73062EC2CE979AC008EC861 /* Debug */,
				D73062ED2CE979AC008EC861 /* Release */,
			);
			defaultConfigurationIsVisible = 0;
			defaultConfigurationName = Release;
		};
		D73062EE2CE979AC008EC861 /* Build configuration list for PBXNativeTarget "recipeasy" */ = {
			isa = XCConfigurationList;
			buildConfigurations = (
				D73062EF2CE979AC008EC861 /* Debug */,
				D73062F02CE979AC008EC861 /* Release */,
			);
			defaultConfigurationIsVisible = 0;
			defaultConfigurationName = Release;
		};
		D73062F12CE979AC008EC861 /* Build configuration list for PBXNativeTarget "recipeasyTests" */ = {
			isa = XCConfigurationList;
			buildConfigurations = (
				D73062F22CE979AC008EC861 /* Debug */,
				D73062F32CE979AC008EC861 /* Release */,
			);
			defaultConfigurationIsVisible = 0;
			defaultConfigurationName = Release;
		};
		D73062F42CE979AC008EC861 /* Build configuration list for PBXNativeTarget "recipeasyUITests" */ = {
			isa = XCConfigurationList;
			buildConfigurations = (
				D73062F52CE979AC008EC861 /* Debug */,
				D73062F62CE979AC008EC861 /* Release */,
			);
			defaultConfigurationIsVisible = 0;
			defaultConfigurationName = Release;
		};
		D7E6BEB42CF69A3100134002 /* Build configuration list for PBXNativeTarget "RecipeWidgetExtensionExtension" */ = {
			isa = XCConfigurationList;
			buildConfigurations = (
				D7E6BEB52CF69A3100134002 /* Debug */,
				D7E6BEB62CF69A3100134002 /* Release */,
			);
			defaultConfigurationIsVisible = 0;
			defaultConfigurationName = Release;
		};
/* End XCConfigurationList section */

/* Begin XCRemoteSwiftPackageReference section */
		D72B28472D093CB9009C8E96 /* XCRemoteSwiftPackageReference "WhatsNewKit" */ = {
			isa = XCRemoteSwiftPackageReference;
			repositoryURL = "https://github.com/SvenTiigi/WhatsNewKit";
			requirement = {
				kind = upToNextMajorVersion;
				minimumVersion = 2.2.1;
			};
		};
/* End XCRemoteSwiftPackageReference section */

/* Begin XCSwiftPackageProductDependency section */
		D72B28482D093CB9009C8E96 /* WhatsNewKit */ = {
			isa = XCSwiftPackageProductDependency;
			package = D72B28472D093CB9009C8E96 /* XCRemoteSwiftPackageReference "WhatsNewKit" */;
			productName = WhatsNewKit;
		};
/* End XCSwiftPackageProductDependency section */
	};
	rootObject = D73062C02CE979AA008EC861 /* Project object */;
}
